// !$*UTF8*$!
{
	archiveVersion = 1;
	classes = {
	};
	objectVersion = 50;
	objects = {

/* Begin PBXBuildFile section */
		E635F89D243AA59B00720436 /* AppDelegate.swift in Sources */ = {isa = PBXBuildFile; fileRef = E635F89C243AA59B00720436 /* AppDelegate.swift */; };
		E635F89F243AA59B00720436 /* SceneDelegate.swift in Sources */ = {isa = PBXBuildFile; fileRef = E635F89E243AA59B00720436 /* SceneDelegate.swift */; };
		E635F8A1243AA59B00720436 /* ContentView.swift in Sources */ = {isa = PBXBuildFile; fileRef = E635F8A0243AA59B00720436 /* ContentView.swift */; };
		E635F8A3243AA59D00720436 /* Assets.xcassets in Resources */ = {isa = PBXBuildFile; fileRef = E635F8A2243AA59D00720436 /* Assets.xcassets */; };
		E635F8A6243AA59D00720436 /* Preview Assets.xcassets in Resources */ = {isa = PBXBuildFile; fileRef = E635F8A5243AA59D00720436 /* Preview Assets.xcassets */; };
		E635F8A9243AA59D00720436 /* LaunchScreen.storyboard in Resources */ = {isa = PBXBuildFile; fileRef = E635F8A7243AA59D00720436 /* LaunchScreen.storyboard */; };
		E679F4DA243C18C8003E0DCE /* IsolationTimer.swift in Sources */ = {isa = PBXBuildFile; fileRef = E679F4D9243C18C8003E0DCE /* IsolationTimer.swift */; };
		E679F4DC243C217A003E0DCE /* Home.swift in Sources */ = {isa = PBXBuildFile; fileRef = E679F4DB243C217A003E0DCE /* Home.swift */; };
		E679F4DE243C21C5003E0DCE /* CellView.swift in Sources */ = {isa = PBXBuildFile; fileRef = E679F4DD243C21C5003E0DCE /* CellView.swift */; };
/* End PBXBuildFile section */

/* Begin PBXFileReference section */
		E635F899243AA59B00720436 /* CoronaTracker.app */ = {isa = PBXFileReference; explicitFileType = wrapper.application; includeInIndex = 0; path = CoronaTracker.app; sourceTree = BUILT_PRODUCTS_DIR; };
		E635F89C243AA59B00720436 /* AppDelegate.swift */ = {isa = PBXFileReference; lastKnownFileType = sourcecode.swift; path = AppDelegate.swift; sourceTree = "<group>"; };
		E635F89E243AA59B00720436 /* SceneDelegate.swift */ = {isa = PBXFileReference; lastKnownFileType = sourcecode.swift; path = SceneDelegate.swift; sourceTree = "<group>"; };
		E635F8A0243AA59B00720436 /* ContentView.swift */ = {isa = PBXFileReference; lastKnownFileType = sourcecode.swift; path = ContentView.swift; sourceTree = "<group>"; };
		E635F8A2243AA59D00720436 /* Assets.xcassets */ = {isa = PBXFileReference; lastKnownFileType = folder.assetcatalog; path = Assets.xcassets; sourceTree = "<group>"; };
		E635F8A5243AA59D00720436 /* Preview Assets.xcassets */ = {isa = PBXFileReference; lastKnownFileType = folder.assetcatalog; path = "Preview Assets.xcassets"; sourceTree = "<group>"; };
		E635F8A8243AA59D00720436 /* Base */ = {isa = PBXFileReference; lastKnownFileType = file.storyboard; name = Base; path = Base.lproj/LaunchScreen.storyboard; sourceTree = "<group>"; };
		E635F8AA243AA59D00720436 /* Info.plist */ = {isa = PBXFileReference; lastKnownFileType = text.plist.xml; path = Info.plist; sourceTree = "<group>"; };
		E679F4D9243C18C8003E0DCE /* IsolationTimer.swift */ = {isa = PBXFileReference; lastKnownFileType = sourcecode.swift; path = IsolationTimer.swift; sourceTree = "<group>"; };
		E679F4DB243C217A003E0DCE /* Home.swift */ = {isa = PBXFileReference; lastKnownFileType = sourcecode.swift; path = Home.swift; sourceTree = "<group>"; };
		E679F4DD243C21C5003E0DCE /* CellView.swift */ = {isa = PBXFileReference; lastKnownFileType = sourcecode.swift; path = CellView.swift; sourceTree = "<group>"; };
/* End PBXFileReference section */

/* Begin PBXFrameworksBuildPhase section */
		E635F896243AA59B00720436 /* Frameworks */ = {
			isa = PBXFrameworksBuildPhase;
			buildActionMask = 2147483647;
			files = (
			);
			runOnlyForDeploymentPostprocessing = 0;
		};
/* End PBXFrameworksBuildPhase section */

/* Begin PBXGroup section */
		E635F890243AA59B00720436 = {
			isa = PBXGroup;
			children = (
				E635F89B243AA59B00720436 /* CoronaTracker */,
				E635F89A243AA59B00720436 /* Products */,
			);
			sourceTree = "<group>";
		};
		E635F89A243AA59B00720436 /* Products */ = {
			isa = PBXGroup;
			children = (
				E635F899243AA59B00720436 /* CoronaTracker.app */,
			);
			name = Products;
			sourceTree = "<group>";
		};
		E635F89B243AA59B00720436 /* CoronaTracker */ = {
			isa = PBXGroup;
			children = (
				E635F89C243AA59B00720436 /* AppDelegate.swift */,
				E635F89E243AA59B00720436 /* SceneDelegate.swift */,
				E635F8A0243AA59B00720436 /* ContentView.swift */,
				E679F4DD243C21C5003E0DCE /* CellView.swift */,
				E679F4DB243C217A003E0DCE /* Home.swift */,
				E679F4D9243C18C8003E0DCE /* IsolationTimer.swift */,
				E635F8A2243AA59D00720436 /* Assets.xcassets */,
				E635F8A7243AA59D00720436 /* LaunchScreen.storyboard */,
				E635F8AA243AA59D00720436 /* Info.plist */,
				E635F8A4243AA59D00720436 /* Preview Content */,
			);
			path = CoronaTracker;
			sourceTree = "<group>";
		};
		E635F8A4243AA59D00720436 /* Preview Content */ = {
			isa = PBXGroup;
			children = (
				E635F8A5243AA59D00720436 /* Preview Assets.xcassets */,
			);
			path = "Preview Content";
			sourceTree = "<group>";
		};
/* End PBXGroup section */

/* Begin PBXNativeTarget section */
		E635F898243AA59B00720436 /* CoronaTracker */ = {
			isa = PBXNativeTarget;
			buildConfigurationList = E635F8AD243AA59D00720436 /* Build configuration list for PBXNativeTarget "CoronaTracker" */;
			buildPhases = (
				E635F895243AA59B00720436 /* Sources */,
				E635F896243AA59B00720436 /* Frameworks */,
				E635F897243AA59B00720436 /* Resources */,
			);
			buildRules = (
			);
			dependencies = (
			);
			name = CoronaTracker;
			productName = CoronaTracker;
			productReference = E635F899243AA59B00720436 /* CoronaTracker.app */;
			productType = "com.apple.product-type.application";
		};
/* End PBXNativeTarget section */

/* Begin PBXProject section */
		E635F891243AA59B00720436 /* Project object */ = {
			isa = PBXProject;
			attributes = {
				LastSwiftUpdateCheck = 1140;
				LastUpgradeCheck = 1140;
				ORGANIZATIONNAME = "Catalin Olaru";
				TargetAttributes = {
					E635F898243AA59B00720436 = {
						CreatedOnToolsVersion = 11.4;
					};
				};
			};
			buildConfigurationList = E635F894243AA59B00720436 /* Build configuration list for PBXProject "CoronaTracker" */;
			compatibilityVersion = "Xcode 9.3";
			developmentRegion = en;
			hasScannedForEncodings = 0;
			knownRegions = (
				en,
				Base,
			);
			mainGroup = E635F890243AA59B00720436;
			productRefGroup = E635F89A243AA59B00720436 /* Products */;
			projectDirPath = "";
			projectRoot = "";
			targets = (
				E635F898243AA59B00720436 /* CoronaTracker */,
			);
		};
/* End PBXProject section */

/* Begin PBXResourcesBuildPhase section */
		E635F897243AA59B00720436 /* Resources */ = {
			isa = PBXResourcesBuildPhase;
			buildActionMask = 2147483647;
			files = (
				E635F8A9243AA59D00720436 /* LaunchScreen.storyboard in Resources */,
				E635F8A6243AA59D00720436 /* Preview Assets.xcassets in Resources */,
				E635F8A3243AA59D00720436 /* Assets.xcassets in Resources */,
			);
			runOnlyForDeploymentPostprocessing = 0;
		};
/* End PBXResourcesBuildPhase section */

/* Begin PBXSourcesBuildPhase section */
		E635F895243AA59B00720436 /* Sources */ = {
			isa = PBXSourcesBuildPhase;
			buildActionMask = 2147483647;
			files = (
				E635F89D243AA59B00720436 /* AppDelegate.swift in Sources */,
				E635F89F243AA59B00720436 /* SceneDelegate.swift in Sources */,
				E679F4DE243C21C5003E0DCE /* CellView.swift in Sources */,
				E679F4DC243C217A003E0DCE /* Home.swift in Sources */,
				E679F4DA243C18C8003E0DCE /* IsolationTimer.swift in Sources */,
				E635F8A1243AA59B00720436 /* ContentView.swift in Sources */,
			);
			runOnlyForDeploymentPostprocessing = 0;
		};
/* End PBXSourcesBuildPhase section */

/* Begin PBXVariantGroup section */
		E635F8A7243AA59D00720436 /* LaunchScreen.storyboard */ = {
			isa = PBXVariantGroup;
			children = (
				E635F8A8243AA59D00720436 /* Base */,
			);
			name = LaunchScreen.storyboard;
			sourceTree = "<group>";
		};
/* End PBXVariantGroup section */

/* Begin XCBuildConfiguration section */
		E635F8AB243AA59D00720436 /* Debug */ = {
			isa = XCBuildConfiguration;
			buildSettings = {
				ALWAYS_SEARCH_USER_PATHS = NO;
				CLANG_ANALYZER_NONNULL = YES;
				CLANG_ANALYZER_NUMBER_OBJECT_CONVERSION = YES_AGGRESSIVE;
				CLANG_CXX_LANGUAGE_STANDARD = "gnu++14";
				CLANG_CXX_LIBRARY = "libc++";
				CLANG_ENABLE_MODULES = YES;
				CLANG_ENABLE_OBJC_ARC = YES;
				CLANG_ENABLE_OBJC_WEAK = YES;
				CLANG_WARN_BLOCK_CAPTURE_AUTORELEASING = YES;
				CLANG_WARN_BOOL_CONVERSION = YES;
				CLANG_WARN_COMMA = YES;
				CLANG_WARN_CONSTANT_CONVERSION = YES;
				CLANG_WARN_DEPRECATED_OBJC_IMPLEMENTATIONS = YES;
				CLANG_WARN_DIRECT_OBJC_ISA_USAGE = YES_ERROR;
				CLANG_WARN_DOCUMENTATION_COMMENTS = YES;
				CLANG_WARN_EMPTY_BODY = YES;
				CLANG_WARN_ENUM_CONVERSION = YES;
				CLANG_WARN_INFINITE_RECURSION = YES;
				CLANG_WARN_INT_CONVERSION = YES;
				CLANG_WARN_NON_LITERAL_NULL_CONVERSION = YES;
				CLANG_WARN_OBJC_IMPLICIT_RETAIN_SELF = YES;
				CLANG_WARN_OBJC_LITERAL_CONVERSION = YES;
				CLANG_WARN_OBJC_ROOT_CLASS = YES_ERROR;
				CLANG_WARN_RANGE_LOOP_ANALYSIS = YES;
				CLANG_WARN_STRICT_PROTOTYPES = YES;
				CLANG_WARN_SUSPICIOUS_MOVE = YES;
				CLANG_WARN_UNGUARDED_AVAILABILITY = YES_AGGRESSIVE;
				CLANG_WARN_UNREACHABLE_CODE = YES;
				CLANG_WARN__DUPLICATE_METHOD_MATCH = YES;
				COPY_PHASE_STRIP = NO;
				DEBUG_INFORMATION_FORMAT = dwarf;
				ENABLE_STRICT_OBJC_MSGSEND = YES;
				ENABLE_TESTABILITY = YES;
				GCC_C_LANGUAGE_STANDARD = gnu11;
				GCC_DYNAMIC_NO_PIC = NO;
				GCC_NO_COMMON_BLOCKS = YES;
				GCC_OPTIMIZATION_LEVEL = 0;
				GCC_PREPROCESSOR_DEFINITIONS = (
					"DEBUG=1",
					"$(inherited)",
				);
				GCC_WARN_64_TO_32_BIT_CONVERSION = YES;
				GCC_WARN_ABOUT_RETURN_TYPE = YES_ERROR;
				GCC_WARN_UNDECLARED_SELECTOR = YES;
				GCC_WARN_UNINITIALIZED_AUTOS = YES_AGGRESSIVE;
				GCC_WARN_UNUSED_FUNCTION = YES;
				GCC_WARN_UNUSED_VARIABLE = YES;
				IPHONEOS_DEPLOYMENT_TARGET = 13.4;
				MTL_ENABLE_DEBUG_INFO = INCLUDE_SOURCE;
				MTL_FAST_MATH = YES;
				ONLY_ACTIVE_ARCH = YES;
				SDKROOT = iphoneos;
				SWIFT_ACTIVE_COMPILATION_CONDITIONS = DEBUG;
				SWIFT_OPTIMIZATION_LEVEL = "-Onone";
			};
			name = Debug;
		};
		E635F8AC243AA59D00720436 /* Release */ = {
			isa = XCBuildConfiguration;
			buildSettings = {
				ALWAYS_SEARCH_USER_PATHS = NO;
				CLANG_ANALYZER_NONNULL = YES;
				CLANG_ANALYZER_NUMBER_OBJECT_CONVERSION = YES_AGGRESSIVE;
				CLANG_CXX_LANGUAGE_STANDARD = "gnu++14";
				CLANG_CXX_LIBRARY = "libc++";
				CLANG_ENABLE_MODULES = YES;
				CLANG_ENABLE_OBJC_ARC = YES;
				CLANG_ENABLE_OBJC_WEAK = YES;
				CLANG_WARN_BLOCK_CAPTURE_AUTORELEASING = YES;
				CLANG_WARN_BOOL_CONVERSION = YES;
				CLANG_WARN_COMMA = YES;
				CLANG_WARN_CONSTANT_CONVERSION = YES;
				CLANG_WARN_DEPRECATED_OBJC_IMPLEMENTATIONS = YES;
				CLANG_WARN_DIRECT_OBJC_ISA_USAGE = YES_ERROR;
				CLANG_WARN_DOCUMENTATION_COMMENTS = YES;
				CLANG_WARN_EMPTY_BODY = YES;
				CLANG_WARN_ENUM_CONVERSION = YES;
				CLANG_WARN_INFINITE_RECURSION = YES;
				CLANG_WARN_INT_CONVERSION = YES;
				CLANG_WARN_NON_LITERAL_NULL_CONVERSION = YES;
				CLANG_WARN_OBJC_IMPLICIT_RETAIN_SELF = YES;
				CLANG_WARN_OBJC_LITERAL_CONVERSION = YES;
				CLANG_WARN_OBJC_ROOT_CLASS = YES_ERROR;
				CLANG_WARN_RANGE_LOOP_ANALYSIS = YES;
				CLANG_WARN_STRICT_PROTOTYPES = YES;
				CLANG_WARN_SUSPICIOUS_MOVE = YES;
				CLANG_WARN_UNGUARDED_AVAILABILITY = YES_AGGRESSIVE;
				CLANG_WARN_UNREACHABLE_CODE = YES;
				CLANG_WARN__DUPLICATE_METHOD_MATCH = YES;
				COPY_PHASE_STRIP = NO;
				DEBUG_INFORMATION_FORMAT = "dwarf-with-dsym";
				ENABLE_NS_ASSERTIONS = NO;
				ENABLE_STRICT_OBJC_MSGSEND = YES;
				GCC_C_LANGUAGE_STANDARD = gnu11;
				GCC_NO_COMMON_BLOCKS = YES;
				GCC_WARN_64_TO_32_BIT_CONVERSION = YES;
				GCC_WARN_ABOUT_RETURN_TYPE = YES_ERROR;
				GCC_WARN_UNDECLARED_SELECTOR = YES;
				GCC_WARN_UNINITIALIZED_AUTOS = YES_AGGRESSIVE;
				GCC_WARN_UNUSED_FUNCTION = YES;
				GCC_WARN_UNUSED_VARIABLE = YES;
				IPHONEOS_DEPLOYMENT_TARGET = 13.4;
				MTL_ENABLE_DEBUG_INFO = NO;
				MTL_FAST_MATH = YES;
				SDKROOT = iphoneos;
				SWIFT_COMPILATION_MODE = wholemodule;
				SWIFT_OPTIMIZATION_LEVEL = "-O";
				VALIDATE_PRODUCT = YES;
			};
			name = Release;
		};
		E635F8AE243AA59D00720436 /* Debug */ = {
			isa = XCBuildConfiguration;
			buildSettings = {
				ASSETCATALOG_COMPILER_APPICON_NAME = AppIcon;
				CODE_SIGN_STYLE = Automatic;
				DEVELOPMENT_ASSET_PATHS = "\"CoronaTracker/Preview Content\"";
				DEVELOPMENT_TEAM = FNS9786356;
				ENABLE_PREVIEWS = YES;
				INFOPLIST_FILE = CoronaTracker/Info.plist;
				LD_RUNPATH_SEARCH_PATHS = (
					"$(inherited)",
					"@executable_path/Frameworks",
				);
				PRODUCT_BUNDLE_IDENTIFIER = com.cosystems.CoronaTracker;
				PRODUCT_NAME = "$(TARGET_NAME)";
				SWIFT_VERSION = 5.0;
				TARGETED_DEVICE_FAMILY = "1,2";
			};
			name = Debug;
		};
		E635F8AF243AA59D00720436 /* Release */ = {
			isa = XCBuildConfiguration;
			buildSettings = {
				ASSETCATALOG_COMPILER_APPICON_NAME = AppIcon;
				CODE_SIGN_STYLE = Automatic;
				DEVELOPMENT_ASSET_PATHS = "\"CoronaTracker/Preview Content\"";
				DEVELOPMENT_TEAM = FNS9786356;
				ENABLE_PREVIEWS = YES;
				INFOPLIST_FILE = CoronaTracker/Info.plist;
				LD_RUNPATH_SEARCH_PATHS = (
					"$(inherited)",
					"@executable_path/Frameworks",
				);
				PRODUCT_BUNDLE_IDENTIFIER = com.cosystems.CoronaTracker;
				PRODUCT_NAME = "$(TARGET_NAME)";
				SWIFT_VERSION = 5.0;
				TARGETED_DEVICE_FAMILY = "1,2";
			};
			name = Release;
		};
/* End XCBuildConfiguration section */

/* Begin XCConfigurationList section */
		E635F894243AA59B00720436 /* Build configuration list for PBXProject "CoronaTracker" */ = {
			isa = XCConfigurationList;
			buildConfigurations = (
				E635F8AB243AA59D00720436 /* Debug */,
				E635F8AC243AA59D00720436 /* Release */,
			);
			defaultConfigurationIsVisible = 0;
			defaultConfigurationName = Release;
		};
		E635F8AD243AA59D00720436 /* Build configuration list for PBXNativeTarget "CoronaTracker" */ = {
			isa = XCConfigurationList;
			buildConfigurations = (
				E635F8AE243AA59D00720436 /* Debug */,
				E635F8AF243AA59D00720436 /* Release */,
			);
			defaultConfigurationIsVisible = 0;
			defaultConfigurationName = Release;
		};
/* End XCConfigurationList section */
	};
	rootObject = E635F891243AA59B00720436 /* Project object */;
}
